// !$*UTF8*$!
{
	archiveVersion = 1;
	classes = {
	};
	objectVersion = 50;
	objects = {

/* Begin PBXBuildFile section */
		C42B4BBF258CBCF300C0EE5B /* main.m in Sources */ = {isa = PBXBuildFile; fileRef = C42B4BBE258CBCF300C0EE5B /* main.m */; };
		C42B4BC8258CBDD900C0EE5B /* libsecp256k1.a in Frameworks */ = {isa = PBXBuildFile; fileRef = C42B4BC7258CBDD900C0EE5B /* libsecp256k1.a */; };
		C4B65EA825906E5300B1437A /* LTEccTool.m in Sources */ = {isa = PBXBuildFile; fileRef = C4B65EA725906E5300B1437A /* LTEccTool.m */; };
		C4B65EAC25909EDD00B1437A /* NSData+Compression.m in Sources */ = {isa = PBXBuildFile; fileRef = C4B65EAB25909EDD00B1437A /* NSData+Compression.m */; };
		C4B65EB525935BFD00B1437A /* randomart.c in Sources */ = {isa = PBXBuildFile; fileRef = C4B65EB425935BFD00B1437A /* randomart.c */; };
		C4B65EC02594223500B1437A /* base64.c in Sources */ = {isa = PBXBuildFile; fileRef = C4B65EBF2594223500B1437A /* base64.c */; };
/* End PBXBuildFile section */

/* Begin PBXCopyFilesBuildPhase section */
		C42B4BB9258CBCF300C0EE5B /* CopyFiles */ = {
			isa = PBXCopyFilesBuildPhase;
			buildActionMask = 2147483647;
			dstPath = /usr/share/man/man1/;
			dstSubfolderSpec = 0;
			files = (
			);
			runOnlyForDeploymentPostprocessing = 1;
		};
/* End PBXCopyFilesBuildPhase section */

/* Begin PBXFileReference section */
		C42B4BBB258CBCF300C0EE5B /* lwEcc */ = {isa = PBXFileReference; explicitFileType = "compiled.mach-o.executable"; includeInIndex = 0; path = lwEcc; sourceTree = BUILT_PRODUCTS_DIR; };
		C42B4BBE258CBCF300C0EE5B /* main.m */ = {isa = PBXFileReference; lastKnownFileType = sourcecode.c.objc; path = main.m; sourceTree = "<group>"; };
		C42B4BC7258CBDD900C0EE5B /* libsecp256k1.a */ = {isa = PBXFileReference; lastKnownFileType = archive.ar; name = libsecp256k1.a; path = ECC/libsecp256k1.a; sourceTree = "<group>"; };
		C42B4BCA258CC0C400C0EE5B /* secp256k1_ecdh.h */ = {isa = PBXFileReference; fileEncoding = 4; lastKnownFileType = sourcecode.c.h; path = secp256k1_ecdh.h; sourceTree = "<group>"; };
		C42B4BCB258CC0C400C0EE5B /* secp256k1_schnorrsig.h */ = {isa = PBXFileReference; fileEncoding = 4; lastKnownFileType = sourcecode.c.h; path = secp256k1_schnorrsig.h; sourceTree = "<group>"; };
		C42B4BCC258CC0C400C0EE5B /* secp256k1_recovery.h */ = {isa = PBXFileReference; fileEncoding = 4; lastKnownFileType = sourcecode.c.h; path = secp256k1_recovery.h; sourceTree = "<group>"; };
		C42B4BCD258CC0C400C0EE5B /* secp256k1_extrakeys.h */ = {isa = PBXFileReference; fileEncoding = 4; lastKnownFileType = sourcecode.c.h; path = secp256k1_extrakeys.h; sourceTree = "<group>"; };
		C42B4BCE258CC0C400C0EE5B /* secp256k1_preallocated.h */ = {isa = PBXFileReference; fileEncoding = 4; lastKnownFileType = sourcecode.c.h; path = secp256k1_preallocated.h; sourceTree = "<group>"; };
		C42B4BCF258CC0C400C0EE5B /* secp256k1.h */ = {isa = PBXFileReference; fileEncoding = 4; lastKnownFileType = sourcecode.c.h; path = secp256k1.h; sourceTree = "<group>"; };
		C4B65EA625906E5300B1437A /* LTEccTool.h */ = {isa = PBXFileReference; lastKnownFileType = sourcecode.c.h; path = LTEccTool.h; sourceTree = "<group>"; };
		C4B65EA725906E5300B1437A /* LTEccTool.m */ = {isa = PBXFileReference; lastKnownFileType = sourcecode.c.objc; path = LTEccTool.m; sourceTree = "<group>"; };
		C4B65EAA25909EDD00B1437A /* NSData+Compression.h */ = {isa = PBXFileReference; lastKnownFileType = sourcecode.c.h; path = "NSData+Compression.h"; sourceTree = "<group>"; };
		C4B65EAB25909EDD00B1437A /* NSData+Compression.m */ = {isa = PBXFileReference; lastKnownFileType = sourcecode.c.objc; path = "NSData+Compression.m"; sourceTree = "<group>"; };
		C4B65EB325935BFD00B1437A /* randomart.h */ = {isa = PBXFileReference; lastKnownFileType = sourcecode.c.h; path = randomart.h; sourceTree = "<group>"; };
		C4B65EB425935BFD00B1437A /* randomart.c */ = {isa = PBXFileReference; lastKnownFileType = sourcecode.c.c; path = randomart.c; sourceTree = "<group>"; };
		C4B65EBE2594223500B1437A /* base64.h */ = {isa = PBXFileReference; lastKnownFileType = sourcecode.c.h; path = base64.h; sourceTree = "<group>"; };
		C4B65EBF2594223500B1437A /* base64.c */ = {isa = PBXFileReference; lastKnownFileType = sourcecode.c.c; path = base64.c; sourceTree = "<group>"; };
/* End PBXFileReference section */

/* Begin PBXFrameworksBuildPhase section */
		C42B4BB8258CBCF300C0EE5B /* Frameworks */ = {
			isa = PBXFrameworksBuildPhase;
			buildActionMask = 2147483647;
			files = (
				C42B4BC8258CBDD900C0EE5B /* libsecp256k1.a in Frameworks */,
			);
			runOnlyForDeploymentPostprocessing = 0;
		};
/* End PBXFrameworksBuildPhase section */

/* Begin PBXGroup section */
		C42B4BB2258CBCF300C0EE5B = {
			isa = PBXGroup;
			children = (
				C42B4BBD258CBCF300C0EE5B /* ECC */,
				C42B4BBC258CBCF300C0EE5B /* Products */,
				C42B4BC6258CBDD900C0EE5B /* Frameworks */,
			);
			sourceTree = "<group>";
		};
		C42B4BBC258CBCF300C0EE5B /* Products */ = {
			isa = PBXGroup;
			children = (
				C42B4BBB258CBCF300C0EE5B /* lwEcc */,
			);
			name = Products;
			sourceTree = "<group>";
		};
		C42B4BBD258CBCF300C0EE5B /* ECC */ = {
			isa = PBXGroup;
			children = (
				C42B4BC9258CC0C400C0EE5B /* include */,
				C42B4BBE258CBCF300C0EE5B /* main.m */,
				C4B65EBE2594223500B1437A /* base64.h */,
				C4B65EBF2594223500B1437A /* base64.c */,
				C4B65EB325935BFD00B1437A /* randomart.h */,
				C4B65EB425935BFD00B1437A /* randomart.c */,
				C4B65EA625906E5300B1437A /* LTEccTool.h */,
				C4B65EA725906E5300B1437A /* LTEccTool.m */,
				C4B65EAA25909EDD00B1437A /* NSData+Compression.h */,
				C4B65EAB25909EDD00B1437A /* NSData+Compression.m */,
			);
			path = ECC;
			sourceTree = "<group>";
		};
		C42B4BC6258CBDD900C0EE5B /* Frameworks */ = {
			isa = PBXGroup;
			children = (
				C42B4BC7258CBDD900C0EE5B /* libsecp256k1.a */,
			);
			name = Frameworks;
			sourceTree = "<group>";
		};
		C42B4BC9258CC0C400C0EE5B /* include */ = {
			isa = PBXGroup;
			children = (
				C42B4BCA258CC0C400C0EE5B /* secp256k1_ecdh.h */,
				C42B4BCB258CC0C400C0EE5B /* secp256k1_schnorrsig.h */,
				C42B4BCC258CC0C400C0EE5B /* secp256k1_recovery.h */,
				C42B4BCD258CC0C400C0EE5B /* secp256k1_extrakeys.h */,
				C42B4BCE258CC0C400C0EE5B /* secp256k1_preallocated.h */,
				C42B4BCF258CC0C400C0EE5B /* secp256k1.h */,
			);
			path = include;
			sourceTree = "<group>";
		};
/* End PBXGroup section */

/* Begin PBXNativeTarget section */
		C42B4BBA258CBCF300C0EE5B /* ECC */ = {
			isa = PBXNativeTarget;
			buildConfigurationList = C42B4BC2258CBCF300C0EE5B /* Build configuration list for PBXNativeTarget "ECC" */;
			buildPhases = (
				C42B4BB7258CBCF300C0EE5B /* Sources */,
				C42B4BB8258CBCF300C0EE5B /* Frameworks */,
				C42B4BB9258CBCF300C0EE5B /* CopyFiles */,
				C4B65EB825941D6900B1437A /* ShellScript */,
			);
			buildRules = (
			);
			dependencies = (
			);
			name = ECC;
			productName = ECC;
			productReference = C42B4BBB258CBCF300C0EE5B /* lwEcc */;
			productType = "com.apple.product-type.tool";
		};
/* End PBXNativeTarget section */

/* Begin PBXProject section */
		C42B4BB3258CBCF300C0EE5B /* Project object */ = {
			isa = PBXProject;
			attributes = {
				LastUpgradeCheck = 1200;
				TargetAttributes = {
					C42B4BBA258CBCF300C0EE5B = {
						CreatedOnToolsVersion = 12.0;
					};
				};
			};
			buildConfigurationList = C42B4BB6258CBCF300C0EE5B /* Build configuration list for PBXProject "ECC" */;
			compatibilityVersion = "Xcode 9.3";
			developmentRegion = en;
			hasScannedForEncodings = 0;
			knownRegions = (
				en,
				Base,
			);
			mainGroup = C42B4BB2258CBCF300C0EE5B;
			productRefGroup = C42B4BBC258CBCF300C0EE5B /* Products */;
			projectDirPath = "";
			projectRoot = "";
			targets = (
				C42B4BBA258CBCF300C0EE5B /* ECC */,
			);
		};
/* End PBXProject section */

/* Begin PBXShellScriptBuildPhase section */
		C4B65EB825941D6900B1437A /* ShellScript */ = {
			isa = PBXShellScriptBuildPhase;
			buildActionMask = 2147483647;
			files = (
			);
			inputFileListPaths = (
			);
			inputPaths = (
			);
			outputFileListPaths = (
			);
			outputPaths = (
			);
			runOnlyForDeploymentPostprocessing = 0;
			shellPath = /bin/sh;
			shellScript = "# Type a script or drag a script file from your workspace to insert its path.\nexport\n\ncp -f \"${BUILT_PRODUCTS_DIR}/${EXECUTABLE_NAME}\" ~/mybin/ecc\n";
		};
/* End PBXShellScriptBuildPhase section */

/* Begin PBXSourcesBuildPhase section */
		C42B4BB7258CBCF300C0EE5B /* Sources */ = {
			isa = PBXSourcesBuildPhase;
			buildActionMask = 2147483647;
			files = (
				C4B65EC02594223500B1437A /* base64.c in Sources */,
				C4B65EB525935BFD00B1437A /* randomart.c in Sources */,
				C42B4BBF258CBCF300C0EE5B /* main.m in Sources */,
				C4B65EAC25909EDD00B1437A /* NSData+Compression.m in Sources */,
				C4B65EA825906E5300B1437A /* LTEccTool.m in Sources */,
			);
			runOnlyForDeploymentPostprocessing = 0;
		};
/* End PBXSourcesBuildPhase section */

/* Begin XCBuildConfiguration section */
		C42B4BC0258CBCF300C0EE5B /* Debug */ = {
			isa = XCBuildConfiguration;
			buildSettings = {
				ALWAYS_SEARCH_USER_PATHS = NO;
				CLANG_ANALYZER_NONNULL = YES;
				CLANG_ANALYZER_NUMBER_OBJECT_CONVERSION = YES_AGGRESSIVE;
				CLANG_CXX_LANGUAGE_STANDARD = "gnu++14";
				CLANG_CXX_LIBRARY = "libc++";
				CLANG_ENABLE_MODULES = YES;
				CLANG_ENABLE_OBJC_ARC = YES;
				CLANG_ENABLE_OBJC_WEAK = YES;
				CLANG_WARN_BLOCK_CAPTURE_AUTORELEASING = YES;
				CLANG_WARN_BOOL_CONVERSION = YES;
				CLANG_WARN_COMMA = YES;
				CLANG_WARN_CONSTANT_CONVERSION = YES;
				CLANG_WARN_DEPRECATED_OBJC_IMPLEMENTATIONS = YES;
				CLANG_WARN_DIRECT_OBJC_ISA_USAGE = YES_ERROR;
				CLANG_WARN_DOCUMENTATION_COMMENTS = YES;
				CLANG_WARN_EMPTY_BODY = YES;
				CLANG_WARN_ENUM_CONVERSION = YES;
				CLANG_WARN_INFINITE_RECURSION = YES;
				CLANG_WARN_INT_CONVERSION = YES;
				CLANG_WARN_NON_LITERAL_NULL_CONVERSION = YES;
				CLANG_WARN_OBJC_IMPLICIT_RETAIN_SELF = YES;
				CLANG_WARN_OBJC_LITERAL_CONVERSION = YES;
				CLANG_WARN_OBJC_ROOT_CLASS = YES_ERROR;
				CLANG_WARN_QUOTED_INCLUDE_IN_FRAMEWORK_HEADER = YES;
				CLANG_WARN_RANGE_LOOP_ANALYSIS = YES;
				CLANG_WARN_STRICT_PROTOTYPES = YES;
				CLANG_WARN_SUSPICIOUS_MOVE = YES;
				CLANG_WARN_UNGUARDED_AVAILABILITY = YES_AGGRESSIVE;
				CLANG_WARN_UNREACHABLE_CODE = YES;
				CLANG_WARN__DUPLICATE_METHOD_MATCH = YES;
				COPY_PHASE_STRIP = NO;
				DEBUG_INFORMATION_FORMAT = dwarf;
				ENABLE_STRICT_OBJC_MSGSEND = YES;
				ENABLE_TESTABILITY = YES;
				GCC_C_LANGUAGE_STANDARD = gnu11;
				GCC_DYNAMIC_NO_PIC = NO;
				GCC_NO_COMMON_BLOCKS = YES;
				GCC_OPTIMIZATION_LEVEL = 0;
				GCC_PREPROCESSOR_DEFINITIONS = (
					"DEBUG=1",
					"$(inherited)",
				);
				GCC_WARN_64_TO_32_BIT_CONVERSION = YES;
				GCC_WARN_ABOUT_RETURN_TYPE = YES_ERROR;
				GCC_WARN_UNDECLARED_SELECTOR = YES;
				GCC_WARN_UNINITIALIZED_AUTOS = YES_AGGRESSIVE;
				GCC_WARN_UNUSED_FUNCTION = YES;
				GCC_WARN_UNUSED_VARIABLE = YES;
				MACOSX_DEPLOYMENT_TARGET = 10.15;
				MTL_ENABLE_DEBUG_INFO = INCLUDE_SOURCE;
				MTL_FAST_MATH = YES;
				ONLY_ACTIVE_ARCH = YES;
				SDKROOT = macosx;
			};
			name = Debug;
		};
		C42B4BC1258CBCF300C0EE5B /* Release */ = {
			isa = XCBuildConfiguration;
			buildSettings = {
				ALWAYS_SEARCH_USER_PATHS = NO;
				CLANG_ANALYZER_NONNULL = YES;
				CLANG_ANALYZER_NUMBER_OBJECT_CONVERSION = YES_AGGRESSIVE;
				CLANG_CXX_LANGUAGE_STANDARD = "gnu++14";
				CLANG_CXX_LIBRARY = "libc++";
				CLANG_ENABLE_MODULES = YES;
				CLANG_ENABLE_OBJC_ARC = YES;
				CLANG_ENABLE_OBJC_WEAK = YES;
				CLANG_WARN_BLOCK_CAPTURE_AUTORELEASING = YES;
				CLANG_WARN_BOOL_CONVERSION = YES;
				CLANG_WARN_COMMA = YES;
				CLANG_WARN_CONSTANT_CONVERSION = YES;
				CLANG_WARN_DEPRECATED_OBJC_IMPLEMENTATIONS = YES;
				CLANG_WARN_DIRECT_OBJC_ISA_USAGE = YES_ERROR;
				CLANG_WARN_DOCUMENTATION_COMMENTS = YES;
				CLANG_WARN_EMPTY_BODY = YES;
				CLANG_WARN_ENUM_CONVERSION = YES;
				CLANG_WARN_INFINITE_RECURSION = YES;
				CLANG_WARN_INT_CONVERSION = YES;
				CLANG_WARN_NON_LITERAL_NULL_CONVERSION = YES;
				CLANG_WARN_OBJC_IMPLICIT_RETAIN_SELF = YES;
				CLANG_WARN_OBJC_LITERAL_CONVERSION = YES;
				CLANG_WARN_OBJC_ROOT_CLASS = YES_ERROR;
				CLANG_WARN_QUOTED_INCLUDE_IN_FRAMEWORK_HEADER = YES;
				CLANG_WARN_RANGE_LOOP_ANALYSIS = YES;
				CLANG_WARN_STRICT_PROTOTYPES = YES;
				CLANG_WARN_SUSPICIOUS_MOVE = YES;
				CLANG_WARN_UNGUARDED_AVAILABILITY = YES_AGGRESSIVE;
				CLANG_WARN_UNREACHABLE_CODE = YES;
				CLANG_WARN__DUPLICATE_METHOD_MATCH = YES;
				COPY_PHASE_STRIP = NO;
				DEBUG_INFORMATION_FORMAT = "dwarf-with-dsym";
				ENABLE_NS_ASSERTIONS = NO;
				ENABLE_STRICT_OBJC_MSGSEND = YES;
				GCC_C_LANGUAGE_STANDARD = gnu11;
				GCC_NO_COMMON_BLOCKS = YES;
				GCC_WARN_64_TO_32_BIT_CONVERSION = YES;
				GCC_WARN_ABOUT_RETURN_TYPE = YES_ERROR;
				GCC_WARN_UNDECLARED_SELECTOR = YES;
				GCC_WARN_UNINITIALIZED_AUTOS = YES_AGGRESSIVE;
				GCC_WARN_UNUSED_FUNCTION = YES;
				GCC_WARN_UNUSED_VARIABLE = YES;
				MACOSX_DEPLOYMENT_TARGET = 10.15;
				MTL_ENABLE_DEBUG_INFO = NO;
				MTL_FAST_MATH = YES;
				SDKROOT = macosx;
			};
			name = Release;
		};
		C42B4BC3258CBCF300C0EE5B /* Debug */ = {
			isa = XCBuildConfiguration;
			buildSettings = {
				CODE_SIGN_STYLE = Automatic;
				LIBRARY_SEARCH_PATHS = (
					"$(inherited)",
					"$(PROJECT_DIR)/ECC",
				);
				PRODUCT_NAME = lwEcc;
			};
			name = Debug;
		};
		C42B4BC4258CBCF300C0EE5B /* Release */ = {
			isa = XCBuildConfiguration;
			buildSettings = {
				CODE_SIGN_STYLE = Automatic;
				LIBRARY_SEARCH_PATHS = (
					"$(inherited)",
					"$(PROJECT_DIR)/ECC",
				);
				PRODUCT_NAME = lwEcc;
			};
			name = Release;
		};
/* End XCBuildConfiguration section */

/* Begin XCConfigurationList section */
		C42B4BB6258CBCF300C0EE5B /* Build configuration list for PBXProject "ECC" */ = {
			isa = XCConfigurationList;
			buildConfigurations = (
				C42B4BC0258CBCF300C0EE5B /* Debug */,
				C42B4BC1258CBCF300C0EE5B /* Release */,
			);
			defaultConfigurationIsVisible = 0;
			defaultConfigurationName = Release;
		};
		C42B4BC2258CBCF300C0EE5B /* Build configuration list for PBXNativeTarget "ECC" */ = {
			isa = XCConfigurationList;
			buildConfigurations = (
				C42B4BC3258CBCF300C0EE5B /* Debug */,
				C42B4BC4258CBCF300C0EE5B /* Release */,
			);
			defaultConfigurationIsVisible = 0;
			defaultConfigurationName = Release;
		};
/* End XCConfigurationList section */
	};
	rootObject = C42B4BB3258CBCF300C0EE5B /* Project object */;
}
